
Microsoft Visual Studio Solution File, Format Version 12.00
# Visual Studio Version 17
VisualStudioVersion = 17.0.31912.275
MinimumVisualStudioVersion = 10.0.40219.1
Project("{FAE04EC0-301F-11D3-BF4B-00C04F79EFBC}") = "WissenOdev", "WissenOdev\WissenOdev.csproj", "{ECCBE4F6-4256-466D-B015-3D53B0F8FD94}"
EndProject
Global
	GlobalSection(SolutionConfigurationPlatforms) = preSolution
		Debug|Any CPU = Debug|Any CPU
		Release|Any CPU = Release|Any CPU
	EndGlobalSection
	GlobalSection(ProjectConfigurationPlatforms) = postSolution
		{ECCBE4F6-4256-466D-B015-3D53B0F8FD94}.Debug|Any CPU.ActiveCfg = Debug|Any CPU
		{ECCBE4F6-4256-466D-B015-3D53B0F8FD94}.Debug|Any CPU.Build.0 = Debug|Any CPU
		{ECCBE4F6-4256-466D-B015-3D53B0F8FD94}.Release|Any CPU.ActiveCfg = Release|Any CPU
		{ECCBE4F6-4256-466D-B015-3D53B0F8FD94}.Release|Any CPU.Build.0 = Release|Any CPU
	EndGlobalSection
	GlobalSection(SolutionProperties) = preSolution
		HideSolutionNode = FALSE
	EndGlobalSection
	GlobalSection(ExtensibilityGlobals) = postSolution
		SolutionGuid = {2CA98F5D-DABA-4468-A6EC-053E9C706628}
	EndGlobalSection
EndGlobal
